// !$*UTF8*$!
{
	archiveVersion = 1;
	classes = {
	};
	objectVersion = 46;
	objects = {

/* Begin PBXBuildFile section */
		C6AC979F1C2281F500D01035 /* AppDelegate.swift in Sources */ = {isa = PBXBuildFile; fileRef = C6AC979E1C2281F500D01035 /* AppDelegate.swift */; };
		C6AC97A11C2281F500D01035 /* ViewController.swift in Sources */ = {isa = PBXBuildFile; fileRef = C6AC97A01C2281F500D01035 /* ViewController.swift */; };
		C6AC97A41C2281F500D01035 /* Main.storyboard in Resources */ = {isa = PBXBuildFile; fileRef = C6AC97A21C2281F500D01035 /* Main.storyboard */; };
		C6AC97A61C2281F500D01035 /* Assets.xcassets in Resources */ = {isa = PBXBuildFile; fileRef = C6AC97A51C2281F500D01035 /* Assets.xcassets */; };
		C6AC97A91C2281F500D01035 /* LaunchScreen.storyboard in Resources */ = {isa = PBXBuildFile; fileRef = C6AC97A71C2281F500D01035 /* LaunchScreen.storyboard */; };
		C6AC97B41C2281F600D01035 /* hamburguesasTests.swift in Sources */ = {isa = PBXBuildFile; fileRef = C6AC97B31C2281F600D01035 /* hamburguesasTests.swift */; };
		C6AC97BF1C2281F600D01035 /* hamburguesasUITests.swift in Sources */ = {isa = PBXBuildFile; fileRef = C6AC97BE1C2281F600D01035 /* hamburguesasUITests.swift */; };
		C6AC97CD1C22835B00D01035 /* datos.swift in Sources */ = {isa = PBXBuildFile; fileRef = C6AC97CC1C22835B00D01035 /* datos.swift */; };
/* End PBXBuildFile section */

/* Begin PBXContainerItemProxy section */
		C6AC97B01C2281F600D01035 /* PBXContainerItemProxy */ = {
			isa = PBXContainerItemProxy;
			containerPortal = C6AC97931C2281F500D01035 /* Project object */;
			proxyType = 1;
			remoteGlobalIDString = C6AC979A1C2281F500D01035;
			remoteInfo = hamburguesas;
		};
		C6AC97BB1C2281F600D01035 /* PBXContainerItemProxy */ = {
			isa = PBXContainerItemProxy;
			containerPortal = C6AC97931C2281F500D01035 /* Project object */;
			proxyType = 1;
			remoteGlobalIDString = C6AC979A1C2281F500D01035;
			remoteInfo = hamburguesas;
		};
/* End PBXContainerItemProxy section */

/* Begin PBXFileReference section */
		C6AC979B1C2281F500D01035 /* hamburguesas.app */ = {isa = PBXFileReference; explicitFileType = wrapper.application; includeInIndex = 0; path = hamburguesas.app; sourceTree = BUILT_PRODUCTS_DIR; };
		C6AC979E1C2281F500D01035 /* AppDelegate.swift */ = {isa = PBXFileReference; lastKnownFileType = sourcecode.swift; path = AppDelegate.swift; sourceTree = "<group>"; };
		C6AC97A01C2281F500D01035 /* ViewController.swift */ = {isa = PBXFileReference; lastKnownFileType = sourcecode.swift; path = ViewController.swift; sourceTree = "<group>"; };
		C6AC97A31C2281F500D01035 /* Base */ = {isa = PBXFileReference; lastKnownFileType = file.storyboard; name = Base; path = Base.lproj/Main.storyboard; sourceTree = "<group>"; };
		C6AC97A51C2281F500D01035 /* Assets.xcassets */ = {isa = PBXFileReference; lastKnownFileType = folder.assetcatalog; path = Assets.xcassets; sourceTree = "<group>"; };
		C6AC97A81C2281F500D01035 /* Base */ = {isa = PBXFileReference; lastKnownFileType = file.storyboard; name = Base; path = Base.lproj/LaunchScreen.storyboard; sourceTree = "<group>"; };
		C6AC97AA1C2281F500D01035 /* Info.plist */ = {isa = PBXFileReference; lastKnownFileType = text.plist.xml; path = Info.plist; sourceTree = "<group>"; };
		C6AC97AF1C2281F600D01035 /* hamburguesasTests.xctest */ = {isa = PBXFileReference; explicitFileType = wrapper.cfbundle; includeInIndex = 0; path = hamburguesasTests.xctest; sourceTree = BUILT_PRODUCTS_DIR; };
		C6AC97B31C2281F600D01035 /* hamburguesasTests.swift */ = {isa = PBXFileReference; lastKnownFileType = sourcecode.swift; path = hamburguesasTests.swift; sourceTree = "<group>"; };
		C6AC97B51C2281F600D01035 /* Info.plist */ = {isa = PBXFileReference; lastKnownFileType = text.plist.xml; path = Info.plist; sourceTree = "<group>"; };
		C6AC97BA1C2281F600D01035 /* hamburguesasUITests.xctest */ = {isa = PBXFileReference; explicitFileType = wrapper.cfbundle; includeInIndex = 0; path = hamburguesasUITests.xctest; sourceTree = BUILT_PRODUCTS_DIR; };
		C6AC97BE1C2281F600D01035 /* hamburguesasUITests.swift */ = {isa = PBXFileReference; lastKnownFileType = sourcecode.swift; path = hamburguesasUITests.swift; sourceTree = "<group>"; };
		C6AC97C01C2281F600D01035 /* Info.plist */ = {isa = PBXFileReference; lastKnownFileType = text.plist.xml; path = Info.plist; sourceTree = "<group>"; };
		C6AC97CC1C22835B00D01035 /* datos.swift */ = {isa = PBXFileReference; fileEncoding = 4; lastKnownFileType = sourcecode.swift; path = datos.swift; sourceTree = "<group>"; };
/* End PBXFileReference section */

/* Begin PBXFrameworksBuildPhase section */
		C6AC97981C2281F500D01035 /* Frameworks */ = {
			isa = PBXFrameworksBuildPhase;
			buildActionMask = 2147483647;
			files = (
			);
			runOnlyForDeploymentPostprocessing = 0;
		};
		C6AC97AC1C2281F600D01035 /* Frameworks */ = {
			isa = PBXFrameworksBuildPhase;
			buildActionMask = 2147483647;
			files = (
			);
			runOnlyForDeploymentPostprocessing = 0;
		};
		C6AC97B71C2281F600D01035 /* Frameworks */ = {
			isa = PBXFrameworksBuildPhase;
			buildActionMask = 2147483647;
			files = (
			);
			runOnlyForDeploymentPostprocessing = 0;
		};
/* End PBXFrameworksBuildPhase section */

/* Begin PBXGroup section */
		C6AC97921C2281F500D01035 = {
			isa = PBXGroup;
			children = (
				C6AC979D1C2281F500D01035 /* hamburguesas */,
				C6AC97B21C2281F600D01035 /* hamburguesasTests */,
				C6AC97BD1C2281F600D01035 /* hamburguesasUITests */,
				C6AC979C1C2281F500D01035 /* Products */,
			);
			sourceTree = "<group>";
		};
		C6AC979C1C2281F500D01035 /* Products */ = {
			isa = PBXGroup;
			children = (
				C6AC979B1C2281F500D01035 /* hamburguesas.app */,
				C6AC97AF1C2281F600D01035 /* hamburguesasTests.xctest */,
				C6AC97BA1C2281F600D01035 /* hamburguesasUITests.xctest */,
			);
			name = Products;
			sourceTree = "<group>";
		};
		C6AC979D1C2281F500D01035 /* hamburguesas */ = {
			isa = PBXGroup;
			children = (
				C6AC979E1C2281F500D01035 /* AppDelegate.swift */,
				C6AC97A01C2281F500D01035 /* ViewController.swift */,
				C6AC97A21C2281F500D01035 /* Main.storyboard */,
				C6AC97CC1C22835B00D01035 /* datos.swift */,
				C6AC97A51C2281F500D01035 /* Assets.xcassets */,
				C6AC97A71C2281F500D01035 /* LaunchScreen.storyboard */,
				C6AC97AA1C2281F500D01035 /* Info.plist */,
			);
			path = hamburguesas;
			sourceTree = "<group>";
		};
		C6AC97B21C2281F600D01035 /* hamburguesasTests */ = {
			isa = PBXGroup;
			children = (
				C6AC97B31C2281F600D01035 /* hamburguesasTests.swift */,
				C6AC97B51C2281F600D01035 /* Info.plist */,
			);
			path = hamburguesasTests;
			sourceTree = "<group>";
		};
		C6AC97BD1C2281F600D01035 /* hamburguesasUITests */ = {
			isa = PBXGroup;
			children = (
				C6AC97BE1C2281F600D01035 /* hamburguesasUITests.swift */,
				C6AC97C01C2281F600D01035 /* Info.plist */,
			);
			path = hamburguesasUITests;
			sourceTree = "<group>";
		};
/* End PBXGroup section */

/* Begin PBXNativeTarget section */
		C6AC979A1C2281F500D01035 /* hamburguesas */ = {
			isa = PBXNativeTarget;
			buildConfigurationList = C6AC97C31C2281F600D01035 /* Build configuration list for PBXNativeTarget "hamburguesas" */;
			buildPhases = (
				C6AC97971C2281F500D01035 /* Sources */,
				C6AC97981C2281F500D01035 /* Frameworks */,
				C6AC97991C2281F500D01035 /* Resources */,
			);
			buildRules = (
			);
			dependencies = (
			);
			name = hamburguesas;
			productName = hamburguesas;
			productReference = C6AC979B1C2281F500D01035 /* hamburguesas.app */;
			productType = "com.apple.product-type.application";
		};
		C6AC97AE1C2281F600D01035 /* hamburguesasTests */ = {
			isa = PBXNativeTarget;
			buildConfigurationList = C6AC97C61C2281F600D01035 /* Build configuration list for PBXNativeTarget "hamburguesasTests" */;
			buildPhases = (
				C6AC97AB1C2281F600D01035 /* Sources */,
				C6AC97AC1C2281F600D01035 /* Frameworks */,
				C6AC97AD1C2281F600D01035 /* Resources */,
			);
			buildRules = (
			);
			dependencies = (
				C6AC97B11C2281F600D01035 /* PBXTargetDependency */,
			);
			name = hamburguesasTests;
			productName = hamburguesasTests;
			productReference = C6AC97AF1C2281F600D01035 /* hamburguesasTests.xctest */;
			productType = "com.apple.product-type.bundle.unit-test";
		};
		C6AC97B91C2281F600D01035 /* hamburguesasUITests */ = {
			isa = PBXNativeTarget;
			buildConfigurationList = C6AC97C91C2281F600D01035 /* Build configuration list for PBXNativeTarget "hamburguesasUITests" */;
			buildPhases = (
				C6AC97B61C2281F600D01035 /* Sources */,
				C6AC97B71C2281F600D01035 /* Frameworks */,
				C6AC97B81C2281F600D01035 /* Resources */,
			);
			buildRules = (
			);
			dependencies = (
				C6AC97BC1C2281F600D01035 /* PBXTargetDependency */,
			);
			name = hamburguesasUITests;
			productName = hamburguesasUITests;
			productReference = C6AC97BA1C2281F600D01035 /* hamburguesasUITests.xctest */;
			productType = "com.apple.product-type.bundle.ui-testing";
		};
/* End PBXNativeTarget section */

/* Begin PBXProject section */
		C6AC97931C2281F500D01035 /* Project object */ = {
			isa = PBXProject;
			attributes = {
				LastSwiftUpdateCheck = 0720;
				LastUpgradeCheck = 0720;
				ORGANIZATIONNAME = "César Méndez";
				TargetAttributes = {
					C6AC979A1C2281F500D01035 = {
						CreatedOnToolsVersion = 7.2;
						DevelopmentTeam = TAW47SE752;
					};
					C6AC97AE1C2281F600D01035 = {
						CreatedOnToolsVersion = 7.2;
						TestTargetID = C6AC979A1C2281F500D01035;
					};
					C6AC97B91C2281F600D01035 = {
						CreatedOnToolsVersion = 7.2;
						TestTargetID = C6AC979A1C2281F500D01035;
					};
				};
			};
			buildConfigurationList = C6AC97961C2281F500D01035 /* Build configuration list for PBXProject "hamburguesas" */;
			compatibilityVersion = "Xcode 3.2";
			developmentRegion = English;
			hasScannedForEncodings = 0;
			knownRegions = (
				en,
				Base,
			);
			mainGroup = C6AC97921C2281F500D01035;
			productRefGroup = C6AC979C1C2281F500D01035 /* Products */;
			projectDirPath = "";
			projectRoot = "";
			targets = (
				C6AC979A1C2281F500D01035 /* hamburguesas */,
				C6AC97AE1C2281F600D01035 /* hamburguesasTests */,
				C6AC97B91C2281F600D01035 /* hamburguesasUITests */,
			);
		};
/* End PBXProject section */

/* Begin PBXResourcesBuildPhase section */
		C6AC97991C2281F500D01035 /* Resources */ = {
			isa = PBXResourcesBuildPhase;
			buildActionMask = 2147483647;
			files = (
				C6AC97A91C2281F500D01035 /* LaunchScreen.storyboard in Resources */,
				C6AC97A61C2281F500D01035 /* Assets.xcassets in Resources */,
				C6AC97A41C2281F500D01035 /* Main.storyboard in Resources */,
			);
			runOnlyForDeploymentPostprocessing = 0;
		};
		C6AC97AD1C2281F600D01035 /* Resources */ = {
			isa = PBXResourcesBuildPhase;
			buildActionMask = 2147483647;
			files = (
			);
			runOnlyForDeploymentPostprocessing = 0;
		};
		C6AC97B81C2281F600D01035 /* Resources */ = {
			isa = PBXResourcesBuildPhase;
			buildActionMask = 2147483647;
			files = (
			);
			runOnlyForDeploymentPostprocessing = 0;
		};
/* End PBXResourcesBuildPhase section */

/* Begin PBXSourcesBuildPhase section */
		C6AC97971C2281F500D01035 /* Sources */ = {
			isa = PBXSourcesBuildPhase;
			buildActionMask = 2147483647;
			files = (
				C6AC97CD1C22835B00D01035 /* datos.swift in Sources */,
				C6AC97A11C2281F500D01035 /* ViewController.swift in Sources */,
				C6AC979F1C2281F500D01035 /* AppDelegate.swift in Sources */,
			);
			runOnlyForDeploymentPostprocessing = 0;
		};
		C6AC97AB1C2281F600D01035 /* Sources */ = {
			isa = PBXSourcesBuildPhase;
			buildActionMask = 2147483647;
			files = (
				C6AC97B41C2281F600D01035 /* hamburguesasTests.swift in Sources */,
			);
			runOnlyForDeploymentPostprocessing = 0;
		};
		C6AC97B61C2281F600D01035 /* Sources */ = {
			isa = PBXSourcesBuildPhase;
			buildActionMask = 2147483647;
			files = (
				C6AC97BF1C2281F600D01035 /* hamburguesasUITests.swift in Sources */,
			);
			runOnlyForDeploymentPostprocessing = 0;
		};
/* End PBXSourcesBuildPhase section */

/* Begin PBXTargetDependency section */
		C6AC97B11C2281F600D01035 /* PBXTargetDependency */ = {
			isa = PBXTargetDependency;
			target = C6AC979A1C2281F500D01035 /* hamburguesas */;
			targetProxy = C6AC97B01C2281F600D01035 /* PBXContainerItemProxy */;
		};
		C6AC97BC1C2281F600D01035 /* PBXTargetDependency */ = {
			isa = PBXTargetDependency;
			target = C6AC979A1C2281F500D01035 /* hamburguesas */;
			targetProxy = C6AC97BB1C2281F600D01035 /* PBXContainerItemProxy */;
		};
/* End PBXTargetDependency section */

/* Begin PBXVariantGroup section */
		C6AC97A21C2281F500D01035 /* Main.storyboard */ = {
			isa = PBXVariantGroup;
			children = (
				C6AC97A31C2281F500D01035 /* Base */,
			);
			name = Main.storyboard;
			sourceTree = "<group>";
		};
		C6AC97A71C2281F500D01035 /* LaunchScreen.storyboard */ = {
			isa = PBXVariantGroup;
			children = (
				C6AC97A81C2281F500D01035 /* Base */,
			);
			name = LaunchScreen.storyboard;
			sourceTree = "<group>";
		};
/* End PBXVariantGroup section */

/* Begin XCBuildConfiguration section */
		C6AC97C11C2281F600D01035 /* Debug */ = {
			isa = XCBuildConfiguration;
			buildSettings = {
				ALWAYS_SEARCH_USER_PATHS = NO;
				CLANG_CXX_LANGUAGE_STANDARD = "gnu++0x";
				CLANG_CXX_LIBRARY = "libc++";
				CLANG_ENABLE_MODULES = YES;
				CLANG_ENABLE_OBJC_ARC = YES;
				CLANG_WARN_BOOL_CONVERSION = YES;
				CLANG_WARN_CONSTANT_CONVERSION = YES;
				CLANG_WARN_DIRECT_OBJC_ISA_USAGE = YES_ERROR;
				CLANG_WARN_EMPTY_BODY = YES;
				CLANG_WARN_ENUM_CONVERSION = YES;
				CLANG_WARN_INT_CONVERSION = YES;
				CLANG_WARN_OBJC_ROOT_CLASS = YES_ERROR;
				CLANG_WARN_UNREACHABLE_CODE = YES;
				CLANG_WARN__DUPLICATE_METHOD_MATCH = YES;
				"CODE_SIGN_IDENTITY[sdk=iphoneos*]" = "iPhone Developer";
				COPY_PHASE_STRIP = NO;
				DEBUG_INFORMATION_FORMAT = dwarf;
				ENABLE_STRICT_OBJC_MSGSEND = YES;
				ENABLE_TESTABILITY = YES;
				GCC_C_LANGUAGE_STANDARD = gnu99;
				GCC_DYNAMIC_NO_PIC = NO;
				GCC_NO_COMMON_BLOCKS = YES;
				GCC_OPTIMIZATION_LEVEL = 0;
				GCC_PREPROCESSOR_DEFINITIONS = (
					"DEBUG=1",
					"$(inherited)",
				);
				GCC_WARN_64_TO_32_BIT_CONVERSION = YES;
				GCC_WARN_ABOUT_RETURN_TYPE = YES_ERROR;
				GCC_WARN_UNDECLARED_SELECTOR = YES;
				GCC_WARN_UNINITIALIZED_AUTOS = YES_AGGRESSIVE;
				GCC_WARN_UNUSED_FUNCTION = YES;
				GCC_WARN_UNUSED_VARIABLE = YES;
				IPHONEOS_DEPLOYMENT_TARGET = 9.2;
				MTL_ENABLE_DEBUG_INFO = YES;
				ONLY_ACTIVE_ARCH = YES;
				SDKROOT = iphoneos;
				SWIFT_OPTIMIZATION_LEVEL = "-Onone";
			};
			name = Debug;
		};
		C6AC97C21C2281F600D01035 /* Release */ = {
			isa = XCBuildConfiguration;
			buildSettings = {
				ALWAYS_SEARCH_USER_PATHS = NO;
				CLANG_CXX_LANGUAGE_STANDARD = "gnu++0x";
				CLANG_CXX_LIBRARY = "libc++";
				CLANG_ENABLE_MODULES = YES;
				CLANG_ENABLE_OBJC_ARC = YES;
				CLANG_WARN_BOOL_CONVERSION = YES;
				CLANG_WARN_CONSTANT_CONVERSION = YES;
				CLANG_WARN_DIRECT_OBJC_ISA_USAGE = YES_ERROR;
				CLANG_WARN_EMPTY_BODY = YES;
				CLANG_WARN_ENUM_CONVERSION = YES;
				CLANG_WARN_INT_CONVERSION = YES;
				CLANG_WARN_OBJC_ROOT_CLASS = YES_ERROR;
				CLANG_WARN_UNREACHABLE_CODE = YES;
				CLANG_WARN__DUPLICATE_METHOD_MATCH = YES;
				"CODE_SIGN_IDENTITY[sdk=iphoneos*]" = "iPhone Developer";
				COPY_PHASE_STRIP = NO;
				DEBUG_INFORMATION_FORMAT = "dwarf-with-dsym";
				ENABLE_NS_ASSERTIONS = NO;
				ENABLE_STRICT_OBJC_MSGSEND = YES;
				GCC_C_LANGUAGE_STANDARD = gnu99;
				GCC_NO_COMMON_BLOCKS = YES;
				GCC_WARN_64_TO_32_BIT_CONVERSION = YES;
				GCC_WARN_ABOUT_RETURN_TYPE = YES_ERROR;
				GCC_WARN_UNDECLARED_SELECTOR = YES;
				GCC_WARN_UNINITIALIZED_AUTOS = YES_AGGRESSIVE;
				GCC_WARN_UNUSED_FUNCTION = YES;
				GCC_WARN_UNUSED_VARIABLE = YES;
				IPHONEOS_DEPLOYMENT_TARGET = 9.2;
				MTL_ENABLE_DEBUG_INFO = NO;
				SDKROOT = iphoneos;
				VALIDATE_PRODUCT = YES;
			};
			name = Release;
		};
		C6AC97C41C2281F600D01035 /* Debug */ = {
			isa = XCBuildConfiguration;
			buildSettings = {
				ASSETCATALOG_COMPILER_APPICON_NAME = AppIcon;
				CODE_SIGN_IDENTITY = "iPhone Developer";
				"CODE_SIGN_IDENTITY[sdk=iphoneos*]" = "iPhone Developer";
				INFOPLIST_FILE = hamburguesas/Info.plist;
				LD_RUNPATH_SEARCH_PATHS = "$(inherited) @executable_path/Frameworks";
				PRODUCT_BUNDLE_IDENTIFIER = "xemega-apps.hamburguesas";
				PRODUCT_NAME = "$(TARGET_NAME)";
				PROVISIONING_PROFILE = "";
			};
			name = Debug;
		};
		C6AC97C51C2281F600D01035 /* Release */ = {
			isa = XCBuildConfiguration;
			buildSettings = {
				ASSETCATALOG_COMPILER_APPICON_NAME = AppIcon;
				CODE_SIGN_IDENTITY = "iPhone Developer";
				"CODE_SIGN_IDENTITY[sdk=iphoneos*]" = "iPhone Developer";
				INFOPLIST_FILE = hamburguesas/Info.plist;
				LD_RUNPATH_SEARCH_PATHS = "$(inherited) @executable_path/Frameworks";
				PRODUCT_BUNDLE_IDENTIFIER = "xemega-apps.hamburguesas";
				PRODUCT_NAME = "$(TARGET_NAME)";
				PROVISIONING_PROFILE = "";
			};
			name = Release;
		};
		C6AC97C71C2281F600D01035 /* Debug */ = {
			isa = XCBuildConfiguration;
			buildSettings = {
				BUNDLE_LOADER = "$(TEST_HOST)";
				INFOPLIST_FILE = hamburguesasTests/Info.plist;
				LD_RUNPATH_SEARCH_PATHS = "$(inherited) @executable_path/Frameworks @loader_path/Frameworks";
				PRODUCT_BUNDLE_IDENTIFIER = "xemega-apps.hamburguesasTests";
				PRODUCT_NAME = "$(TARGET_NAME)";
				TEST_HOST = "$(BUILT_PRODUCTS_DIR)/hamburguesas.app/hamburguesas";
			};
			name = Debug;
		};
		C6AC97C81C2281F600D01035 /* Release */ = {
			isa = XCBuildConfiguration;
			buildSettings = {
				BUNDLE_LOADER = "$(TEST_HOST)";
				INFOPLIST_FILE = hamburguesasTests/Info.plist;
				LD_RUNPATH_SEARCH_PATHS = "$(inherited) @executable_path/Frameworks @loader_path/Frameworks";
				PRODUCT_BUNDLE_IDENTIFIER = "xemega-apps.hamburguesasTests";
				PRODUCT_NAME = "$(TARGET_NAME)";
				TEST_HOST = "$(BUILT_PRODUCTS_DIR)/hamburguesas.app/hamburguesas";
			};
			name = Release;
		};
		C6AC97CA1C2281F600D01035 /* Debug */ = {
			isa = XCBuildConfiguration;
			buildSettings = {
				INFOPLIST_FILE = hamburguesasUITests/Info.plist;
				LD_RUNPATH_SEARCH_PATHS = "$(inherited) @executable_path/Frameworks @loader_path/Frameworks";
				PRODUCT_BUNDLE_IDENTIFIER = "xemega-apps.hamburguesasUITests";
				PRODUCT_NAME = "$(TARGET_NAME)";
				TEST_TARGET_NAME = hamburguesas;
				USES_XCTRUNNER = YES;
			};
			name = Debug;
		};
		C6AC97CB1C2281F600D01035 /* Release */ = {
			isa = XCBuildConfiguration;
			buildSettings = {
				INFOPLIST_FILE = hamburguesasUITests/Info.plist;
				LD_RUNPATH_SEARCH_PATHS = "$(inherited) @executable_path/Frameworks @loader_path/Frameworks";
				PRODUCT_BUNDLE_IDENTIFIER = "xemega-apps.hamburguesasUITests";
				PRODUCT_NAME = "$(TARGET_NAME)";
				TEST_TARGET_NAME = hamburguesas;
				USES_XCTRUNNER = YES;
			};
			name = Release;
		};
/* End XCBuildConfiguration section */

/* Begin XCConfigurationList section */
		C6AC97961C2281F500D01035 /* Build configuration list for PBXProject "hamburguesas" */ = {
			isa = XCConfigurationList;
			buildConfigurations = (
				C6AC97C11C2281F600D01035 /* Debug */,
				C6AC97C21C2281F600D01035 /* Release */,
			);
			defaultConfigurationIsVisible = 0;
			defaultConfigurationName = Release;
		};
		C6AC97C31C2281F600D01035 /* Build configuration list for PBXNativeTarget "hamburguesas" */ = {
			isa = XCConfigurationList;
			buildConfigurations = (
				C6AC97C41C2281F600D01035 /* Debug */,
				C6AC97C51C2281F600D01035 /* Release */,
			);
			defaultConfigurationIsVisible = 0;
		};
		C6AC97C61C2281F600D01035 /* Build configuration list for PBXNativeTarget "hamburguesasTests" */ = {
			isa = XCConfigurationList;
			buildConfigurations = (
				C6AC97C71C2281F600D01035 /* Debug */,
				C6AC97C81C2281F600D01035 /* Release */,
			);
			defaultConfigurationIsVisible = 0;
		};
		C6AC97C91C2281F600D01035 /* Build configuration list for PBXNativeTarget "hamburguesasUITests" */ = {
			isa = XCConfigurationList;
			buildConfigurations = (
				C6AC97CA1C2281F600D01035 /* Debug */,
				C6AC97CB1C2281F600D01035 /* Release */,
			);
			defaultConfigurationIsVisible = 0;
		};
/* End XCConfigurationList section */
	};
	rootObject = C6AC97931C2281F500D01035 /* Project object */;
}
